
Microsoft Visual Studio Solution File, Format Version 12.00
Project("{2150E333-8FDC-42A3-9474-1A3956D46DE8}") = "src", "src", "{D9C5A8BF-6B39-467C-8AE7-413F7C10B044}"
EndProject
Project("{2150E333-8FDC-42A3-9474-1A3956D46DE8}") = "core", "core", "{5F854B30-5C9E-484E-AD59-6EB15CEE2C79}"
EndProject
Project("{FAE04EC0-301F-11D3-BF4B-00C04F79EFBC}") = "Codend.Domain", "src\core\Codend.Domain\Codend.Domain.csproj", "{E79B0EEC-5CA0-4B8D-8E88-580F62C1AF14}"
EndProject
Project("{FAE04EC0-301F-11D3-BF4B-00C04F79EFBC}") = "Codend.Persistence", "src\core\Codend.Persistence\Codend.Persistence.csproj", "{3831BB61-40D0-4380-B8EB-31BAA9FF0A0F}"
EndProject
Project("{FAE04EC0-301F-11D3-BF4B-00C04F79EFBC}") = "Codend.Application", "src\core\Codend.Application\Codend.Application.csproj", "{03F4108F-C344-42DF-809E-6E460FFA8282}"
EndProject
Project("{2150E333-8FDC-42A3-9474-1A3956D46DE8}") = "api", "api", "{F32720B2-D1BE-483A-B075-32DB0C867899}"
EndProject
Project("{FAE04EC0-301F-11D3-BF4B-00C04F79EFBC}") = "Codend.Api", "src\api\Codend.Api\Codend.Api.csproj", "{A4AF3683-8BD8-4DEA-9F87-5E4007223A4E}"
EndProject
Project("{FAE04EC0-301F-11D3-BF4B-00C04F79EFBC}") = "Codend.Presentation", "src\core\Codend.Presentation\Codend.Presentation.csproj", "{5DEBE82E-F2E0-465D-AC49-6FD81BFFF7AF}"
EndProject
Project("{FAE04EC0-301F-11D3-BF4B-00C04F79EFBC}") = "Codend.Infrastructure", "src\core\Codend.Infrastructure\Codend.Infrastructure.csproj", "{9AACD9FE-6FF4-4B8A-8A53-EBC64D044434}"
EndProject
Project("{2150E333-8FDC-42A3-9474-1A3956D46DE8}") = "tests", "tests", "{30A45CD9-9920-477B-A0C7-A6AE45577022}"
EndProject
Project("{FAE04EC0-301F-11D3-BF4B-00C04F79EFBC}") = "Codend.UnitTests", "tests\Codend.UnitTests\Codend.UnitTests.csproj", "{FC200B8B-9773-4E19-9F0D-13A7AE76ED20}"
EndProject
Global
	GlobalSection(SolutionConfigurationPlatforms) = preSolution
		Debug|Any CPU = Debug|Any CPU
		Release|Any CPU = Release|Any CPU
	EndGlobalSection
	GlobalSection(NestedProjects) = preSolution
		{5F854B30-5C9E-484E-AD59-6EB15CEE2C79} = {D9C5A8BF-6B39-467C-8AE7-413F7C10B044}
		{E79B0EEC-5CA0-4B8D-8E88-580F62C1AF14} = {5F854B30-5C9E-484E-AD59-6EB15CEE2C79}
		{3831BB61-40D0-4380-B8EB-31BAA9FF0A0F} = {5F854B30-5C9E-484E-AD59-6EB15CEE2C79}
		{03F4108F-C344-42DF-809E-6E460FFA8282} = {5F854B30-5C9E-484E-AD59-6EB15CEE2C79}
		{F32720B2-D1BE-483A-B075-32DB0C867899} = {D9C5A8BF-6B39-467C-8AE7-413F7C10B044}
		{A4AF3683-8BD8-4DEA-9F87-5E4007223A4E} = {F32720B2-D1BE-483A-B075-32DB0C867899}
		{5DEBE82E-F2E0-465D-AC49-6FD81BFFF7AF} = {5F854B30-5C9E-484E-AD59-6EB15CEE2C79}
		{9AACD9FE-6FF4-4B8A-8A53-EBC64D044434} = {5F854B30-5C9E-484E-AD59-6EB15CEE2C79}
		{FC200B8B-9773-4E19-9F0D-13A7AE76ED20} = {30A45CD9-9920-477B-A0C7-A6AE45577022}
	EndGlobalSection
	GlobalSection(ProjectConfigurationPlatforms) = postSolution
		{E79B0EEC-5CA0-4B8D-8E88-580F62C1AF14}.Debug|Any CPU.ActiveCfg = Debug|Any CPU
		{E79B0EEC-5CA0-4B8D-8E88-580F62C1AF14}.Debug|Any CPU.Build.0 = Debug|Any CPU
		{E79B0EEC-5CA0-4B8D-8E88-580F62C1AF14}.Release|Any CPU.ActiveCfg = Release|Any CPU
		{E79B0EEC-5CA0-4B8D-8E88-580F62C1AF14}.Release|Any CPU.Build.0 = Release|Any CPU
		{3831BB61-40D0-4380-B8EB-31BAA9FF0A0F}.Debug|Any CPU.ActiveCfg = Debug|Any CPU
		{3831BB61-40D0-4380-B8EB-31BAA9FF0A0F}.Debug|Any CPU.Build.0 = Debug|Any CPU
		{3831BB61-40D0-4380-B8EB-31BAA9FF0A0F}.Release|Any CPU.ActiveCfg = Release|Any CPU
		{3831BB61-40D0-4380-B8EB-31BAA9FF0A0F}.Release|Any CPU.Build.0 = Release|Any CPU
		{03F4108F-C344-42DF-809E-6E460FFA8282}.Debug|Any CPU.ActiveCfg = Debug|Any CPU
		{03F4108F-C344-42DF-809E-6E460FFA8282}.Debug|Any CPU.Build.0 = Debug|Any CPU
		{03F4108F-C344-42DF-809E-6E460FFA8282}.Release|Any CPU.ActiveCfg = Release|Any CPU
		{03F4108F-C344-42DF-809E-6E460FFA8282}.Release|Any CPU.Build.0 = Release|Any CPU
		{A4AF3683-8BD8-4DEA-9F87-5E4007223A4E}.Debug|Any CPU.ActiveCfg = Debug|Any CPU
		{A4AF3683-8BD8-4DEA-9F87-5E4007223A4E}.Debug|Any CPU.Build.0 = Debug|Any CPU
		{A4AF3683-8BD8-4DEA-9F87-5E4007223A4E}.Release|Any CPU.ActiveCfg = Release|Any CPU
		{A4AF3683-8BD8-4DEA-9F87-5E4007223A4E}.Release|Any CPU.Build.0 = Release|Any CPU
		{5DEBE82E-F2E0-465D-AC49-6FD81BFFF7AF}.Debug|Any CPU.ActiveCfg = Debug|Any CPU
		{5DEBE82E-F2E0-465D-AC49-6FD81BFFF7AF}.Debug|Any CPU.Build.0 = Debug|Any CPU
		{5DEBE82E-F2E0-465D-AC49-6FD81BFFF7AF}.Release|Any CPU.ActiveCfg = Release|Any CPU
		{5DEBE82E-F2E0-465D-AC49-6FD81BFFF7AF}.Release|Any CPU.Build.0 = Release|Any CPU
		{9AACD9FE-6FF4-4B8A-8A53-EBC64D044434}.Debug|Any CPU.ActiveCfg = Debug|Any CPU
		{9AACD9FE-6FF4-4B8A-8A53-EBC64D044434}.Debug|Any CPU.Build.0 = Debug|Any CPU
		{9AACD9FE-6FF4-4B8A-8A53-EBC64D044434}.Release|Any CPU.ActiveCfg = Release|Any CPU
		{9AACD9FE-6FF4-4B8A-8A53-EBC64D044434}.Release|Any CPU.Build.0 = Release|Any CPU
		{FC200B8B-9773-4E19-9F0D-13A7AE76ED20}.Debug|Any CPU.ActiveCfg = Debug|Any CPU
		{FC200B8B-9773-4E19-9F0D-13A7AE76ED20}.Debug|Any CPU.Build.0 = Debug|Any CPU
		{FC200B8B-9773-4E19-9F0D-13A7AE76ED20}.Release|Any CPU.ActiveCfg = Release|Any CPU
		{FC200B8B-9773-4E19-9F0D-13A7AE76ED20}.Release|Any CPU.Build.0 = Release|Any CPU
	EndGlobalSection
EndGlobal
